
Microsoft Visual Studio Solution File, Format Version 12.00
# Visual Studio Version 16
VisualStudioVersion = 16.0.29418.71
MinimumVisualStudioVersion = 10.0.40219.1
Project("{FAE04EC0-301F-11D3-BF4B-00C04F79EFBC}") = "RremotingDemo.Server", "RremotingDemo.Server\RremotingDemo.Server.csproj", "{2D89470A-836E-4236-8E9A-7EF2EB0C8E27}"
EndProject
Project("{FAE04EC0-301F-11D3-BF4B-00C04F79EFBC}") = "RremotingDemo.Client", "RremotingDemo.Client\RremotingDemo.Client.csproj", "{15A7350E-9727-4528-86C5-C80E54F0F54F}"
EndProject
Project("{FAE04EC0-301F-11D3-BF4B-00C04F79EFBC}") = "RremotingDemo", "RremotingDemo\RremotingDemo.csproj", "{881C6B65-ABB0-4BB9-BB36-E618E707369F}"
EndProject
Global
	GlobalSection(SolutionConfigurationPlatforms) = preSolution
		Debug|Any CPU = Debug|Any CPU
		Release|Any CPU = Release|Any CPU
	EndGlobalSection
	GlobalSection(ProjectConfigurationPlatforms) = postSolution
		{2D89470A-836E-4236-8E9A-7EF2EB0C8E27}.Debug|Any CPU.ActiveCfg = Debug|Any CPU
		{2D89470A-836E-4236-8E9A-7EF2EB0C8E27}.Debug|Any CPU.Build.0 = Debug|Any CPU
		{2D89470A-836E-4236-8E9A-7EF2EB0C8E27}.Release|Any CPU.ActiveCfg = Release|Any CPU
		{2D89470A-836E-4236-8E9A-7EF2EB0C8E27}.Release|Any CPU.Build.0 = Release|Any CPU
		{15A7350E-9727-4528-86C5-C80E54F0F54F}.Debug|Any CPU.ActiveCfg = Debug|Any CPU
		{15A7350E-9727-4528-86C5-C80E54F0F54F}.Debug|Any CPU.Build.0 = Debug|Any CPU
		{15A7350E-9727-4528-86C5-C80E54F0F54F}.Release|Any CPU.ActiveCfg = Release|Any CPU
		{15A7350E-9727-4528-86C5-C80E54F0F54F}.Release|Any CPU.Build.0 = Release|Any CPU
		{881C6B65-ABB0-4BB9-BB36-E618E707369F}.Debug|Any CPU.ActiveCfg = Debug|Any CPU
		{881C6B65-ABB0-4BB9-BB36-E618E707369F}.Debug|Any CPU.Build.0 = Debug|Any CPU
		{881C6B65-ABB0-4BB9-BB36-E618E707369F}.Release|Any CPU.ActiveCfg = Release|Any CPU
		{881C6B65-ABB0-4BB9-BB36-E618E707369F}.Release|Any CPU.Build.0 = Release|Any CPU
	EndGlobalSection
	GlobalSection(SolutionProperties) = preSolution
		HideSolutionNode = FALSE
	EndGlobalSection
	GlobalSection(ExtensibilityGlobals) = postSolution
		SolutionGuid = {E614EE03-4228-401D-B222-33BEC0100C0D}
	EndGlobalSection
EndGlobal
